
Microsoft Visual Studio Solution File, Format Version 12.00
# Visual Studio Version 16
VisualStudioVersion = 16.0.29102.190
MinimumVisualStudioVersion = 10.0.40219.1
Project("{FAE04EC0-301F-11D3-BF4B-00C04F79EFBC}") = "PortfolioBuilder", "PortfolioBuilder.csproj", "{1910987C-1D97-486E-9B3C-755A7A668082}"
EndProject
Global
	GlobalSection(SolutionConfigurationPlatforms) = preSolution
		Debug|Any CPU = Debug|Any CPU
		Release|Any CPU = Release|Any CPU
	EndGlobalSection
	GlobalSection(ProjectConfigurationPlatforms) = postSolution
		{1910987C-1D97-486E-9B3C-755A7A668082}.Debug|Any CPU.ActiveCfg = Debug|Any CPU
		{1910987C-1D97-486E-9B3C-755A7A668082}.Debug|Any CPU.Build.0 = Debug|Any CPU
		{1910987C-1D97-486E-9B3C-755A7A668082}.Release|Any CPU.ActiveCfg = Release|Any CPU
		{1910987C-1D97-486E-9B3C-755A7A668082}.Release|Any CPU.Build.0 = Release|Any CPU
	EndGlobalSection
	GlobalSection(SolutionProperties) = preSolution
		HideSolutionNode = FALSE
	EndGlobalSection
	GlobalSection(ExtensibilityGlobals) = postSolution
		SolutionGuid = {B133E729-302F-4168-8D8D-493E4D5662B1}
	EndGlobalSection
EndGlobal
